
Microsoft Visual Studio Solution File, Format Version 12.00
# Visual Studio Version 17
VisualStudioVersion = 17.1.31911.260
MinimumVisualStudioVersion = 10.0.40219.1
Project("{9A19103F-16F7-4668-BE54-9A1E7A4F7556}") = "BlazingPortfolio", "BlazingPortfolio\BlazingPortfolio.csproj", "{D2D2EDF5-CB04-409F-A886-2DEF480F00F5}"
EndProject
Project("{FAE04EC0-301F-11D3-BF4B-00C04F79EFBC}") = "BlazingPortfolio.Backend", "BlazingPortfolio.Backend\BlazingPortfolio.Backend.csproj", "{613C00F1-D270-4BCE-9438-A3098CFC1559}"
EndProject
Global
	GlobalSection(SolutionConfigurationPlatforms) = preSolution
		Debug|Any CPU = Debug|Any CPU
		Release|Any CPU = Release|Any CPU
	EndGlobalSection
	GlobalSection(ProjectConfigurationPlatforms) = postSolution
		{D2D2EDF5-CB04-409F-A886-2DEF480F00F5}.Debug|Any CPU.ActiveCfg = Debug|Any CPU
		{D2D2EDF5-CB04-409F-A886-2DEF480F00F5}.Debug|Any CPU.Build.0 = Debug|Any CPU
		{D2D2EDF5-CB04-409F-A886-2DEF480F00F5}.Release|Any CPU.ActiveCfg = Release|Any CPU
		{D2D2EDF5-CB04-409F-A886-2DEF480F00F5}.Release|Any CPU.Build.0 = Release|Any CPU
		{613C00F1-D270-4BCE-9438-A3098CFC1559}.Debug|Any CPU.ActiveCfg = Debug|Any CPU
		{613C00F1-D270-4BCE-9438-A3098CFC1559}.Debug|Any CPU.Build.0 = Debug|Any CPU
		{613C00F1-D270-4BCE-9438-A3098CFC1559}.Release|Any CPU.ActiveCfg = Release|Any CPU
		{613C00F1-D270-4BCE-9438-A3098CFC1559}.Release|Any CPU.Build.0 = Release|Any CPU
	EndGlobalSection
	GlobalSection(SolutionProperties) = preSolution
		HideSolutionNode = FALSE
	EndGlobalSection
	GlobalSection(ExtensibilityGlobals) = postSolution
		SolutionGuid = {3360DCE6-932F-44BF-B484-3CD32B96B46A}
	EndGlobalSection
EndGlobal
